// !$*UTF8*$!
{
	archiveVersion = 1;
	classes = {
	};
	objectVersion = 50;
	objects = {

/* Begin PBXBuildFile section */
		192FD06F229242FA00F768BD /* AppDelegate.swift in Sources */ = {isa = PBXBuildFile; fileRef = 192FD06E229242FA00F768BD /* AppDelegate.swift */; };
		192FD071229242FA00F768BD /* ViewController.swift in Sources */ = {isa = PBXBuildFile; fileRef = 192FD070229242FA00F768BD /* ViewController.swift */; };
		192FD074229242FA00F768BD /* Main.storyboard in Resources */ = {isa = PBXBuildFile; fileRef = 192FD072229242FA00F768BD /* Main.storyboard */; };
		192FD076229242FD00F768BD /* Assets.xcassets in Resources */ = {isa = PBXBuildFile; fileRef = 192FD075229242FD00F768BD /* Assets.xcassets */; };
		192FD079229242FD00F768BD /* LaunchScreen.storyboard in Resources */ = {isa = PBXBuildFile; fileRef = 192FD077229242FD00F768BD /* LaunchScreen.storyboard */; };
		D1F076C1403C8E71BA6C56B9 /* Pods_DemoAudioEngineOnRTMP.framework in Frameworks */ = {isa = PBXBuildFile; fileRef = E65765455AAFBFD823375C30 /* Pods_DemoAudioEngineOnRTMP.framework */; };
/* End PBXBuildFile section */

/* Begin PBXFileReference section */
		192FD06B229242FA00F768BD /* DemoAudioEngineOnRTMP.app */ = {isa = PBXFileReference; explicitFileType = wrapper.application; includeInIndex = 0; path = DemoAudioEngineOnRTMP.app; sourceTree = BUILT_PRODUCTS_DIR; };
		192FD06E229242FA00F768BD /* AppDelegate.swift */ = {isa = PBXFileReference; lastKnownFileType = sourcecode.swift; path = AppDelegate.swift; sourceTree = "<group>"; };
		192FD070229242FA00F768BD /* ViewController.swift */ = {isa = PBXFileReference; lastKnownFileType = sourcecode.swift; path = ViewController.swift; sourceTree = "<group>"; };
		192FD073229242FA00F768BD /* Base */ = {isa = PBXFileReference; lastKnownFileType = file.storyboard; name = Base; path = Base.lproj/Main.storyboard; sourceTree = "<group>"; };
		192FD075229242FD00F768BD /* Assets.xcassets */ = {isa = PBXFileReference; lastKnownFileType = folder.assetcatalog; path = Assets.xcassets; sourceTree = "<group>"; };
		192FD078229242FD00F768BD /* Base */ = {isa = PBXFileReference; lastKnownFileType = file.storyboard; name = Base; path = Base.lproj/LaunchScreen.storyboard; sourceTree = "<group>"; };
		192FD07A229242FD00F768BD /* Info.plist */ = {isa = PBXFileReference; lastKnownFileType = text.plist.xml; path = Info.plist; sourceTree = "<group>"; };
		1D5F48E4B631E127061BC625 /* Pods-DemoAudioEngineOnRTMP.release.xcconfig */ = {isa = PBXFileReference; includeInIndex = 1; lastKnownFileType = text.xcconfig; name = "Pods-DemoAudioEngineOnRTMP.release.xcconfig"; path = "Target Support Files/Pods-DemoAudioEngineOnRTMP/Pods-DemoAudioEngineOnRTMP.release.xcconfig"; sourceTree = "<group>"; };
		E65765455AAFBFD823375C30 /* Pods_DemoAudioEngineOnRTMP.framework */ = {isa = PBXFileReference; explicitFileType = wrapper.framework; includeInIndex = 0; path = Pods_DemoAudioEngineOnRTMP.framework; sourceTree = BUILT_PRODUCTS_DIR; };
		FE784760B53BBCF7EED547E1 /* Pods-DemoAudioEngineOnRTMP.debug.xcconfig */ = {isa = PBXFileReference; includeInIndex = 1; lastKnownFileType = text.xcconfig; name = "Pods-DemoAudioEngineOnRTMP.debug.xcconfig"; path = "Target Support Files/Pods-DemoAudioEngineOnRTMP/Pods-DemoAudioEngineOnRTMP.debug.xcconfig"; sourceTree = "<group>"; };
/* End PBXFileReference section */

/* Begin PBXFrameworksBuildPhase section */
		192FD068229242FA00F768BD /* Frameworks */ = {
			isa = PBXFrameworksBuildPhase;
			buildActionMask = 2147483647;
			files = (
				D1F076C1403C8E71BA6C56B9 /* Pods_DemoAudioEngineOnRTMP.framework in Frameworks */,
			);
			runOnlyForDeploymentPostprocessing = 0;
		};
/* End PBXFrameworksBuildPhase section */

/* Begin PBXGroup section */
		192FD062229242FA00F768BD = {
			isa = PBXGroup;
			children = (
				192FD06D229242FA00F768BD /* DemoAudioEngineOnRTMP */,
				192FD06C229242FA00F768BD /* Products */,
				6F39655012374143716D187A /* Pods */,
				2F8E619802EF2BD716A37240 /* Frameworks */,
			);
			sourceTree = "<group>";
		};
		192FD06C229242FA00F768BD /* Products */ = {
			isa = PBXGroup;
			children = (
				192FD06B229242FA00F768BD /* DemoAudioEngineOnRTMP.app */,
			);
			name = Products;
			sourceTree = "<group>";
		};
		192FD06D229242FA00F768BD /* DemoAudioEngineOnRTMP */ = {
			isa = PBXGroup;
			children = (
				192FD06E229242FA00F768BD /* AppDelegate.swift */,
				192FD070229242FA00F768BD /* ViewController.swift */,
				192FD072229242FA00F768BD /* Main.storyboard */,
				192FD075229242FD00F768BD /* Assets.xcassets */,
				192FD077229242FD00F768BD /* LaunchScreen.storyboard */,
				192FD07A229242FD00F768BD /* Info.plist */,
			);
			path = DemoAudioEngineOnRTMP;
			sourceTree = "<group>";
		};
		2F8E619802EF2BD716A37240 /* Frameworks */ = {
			isa = PBXGroup;
			children = (
				E65765455AAFBFD823375C30 /* Pods_DemoAudioEngineOnRTMP.framework */,
			);
			name = Frameworks;
			sourceTree = "<group>";
		};
		6F39655012374143716D187A /* Pods */ = {
			isa = PBXGroup;
			children = (
				FE784760B53BBCF7EED547E1 /* Pods-DemoAudioEngineOnRTMP.debug.xcconfig */,
				1D5F48E4B631E127061BC625 /* Pods-DemoAudioEngineOnRTMP.release.xcconfig */,
			);
			path = Pods;
			sourceTree = "<group>";
		};
/* End PBXGroup section */

/* Begin PBXNativeTarget section */
		192FD06A229242FA00F768BD /* DemoAudioEngineOnRTMP */ = {
			isa = PBXNativeTarget;
			buildConfigurationList = 192FD07D229242FD00F768BD /* Build configuration list for PBXNativeTarget "DemoAudioEngineOnRTMP" */;
			buildPhases = (
				17AB939759204B4D565D97AD /* [CP] Check Pods Manifest.lock */,
				192FD067229242FA00F768BD /* Sources */,
				192FD068229242FA00F768BD /* Frameworks */,
				192FD069229242FA00F768BD /* Resources */,
				BA42DEB5AC932C779C7D6724 /* [CP] Embed Pods Frameworks */,
			);
			buildRules = (
			);
			dependencies = (
			);
			name = DemoAudioEngineOnRTMP;
			productName = DemoAudioEngineOnRTMP;
			productReference = 192FD06B229242FA00F768BD /* DemoAudioEngineOnRTMP.app */;
			productType = "com.apple.product-type.application";
		};
/* End PBXNativeTarget section */

/* Begin PBXProject section */
		192FD063229242FA00F768BD /* Project object */ = {
			isa = PBXProject;
			attributes = {
				LastSwiftUpdateCheck = 1020;
				LastUpgradeCheck = 1020;
				ORGANIZATIONNAME = tionlow;
				TargetAttributes = {
					192FD06A229242FA00F768BD = {
						CreatedOnToolsVersion = 10.2.1;
					};
				};
			};
			buildConfigurationList = 192FD066229242FA00F768BD /* Build configuration list for PBXProject "DemoAudioEngineOnRTMP" */;
			compatibilityVersion = "Xcode 9.3";
			developmentRegion = en;
			hasScannedForEncodings = 0;
			knownRegions = (
				en,
				Base,
			);
			mainGroup = 192FD062229242FA00F768BD;
			productRefGroup = 192FD06C229242FA00F768BD /* Products */;
			projectDirPath = "";
			projectRoot = "";
			targets = (
				192FD06A229242FA00F768BD /* DemoAudioEngineOnRTMP */,
			);
		};
/* End PBXProject section */

/* Begin PBXResourcesBuildPhase section */
		192FD069229242FA00F768BD /* Resources */ = {
			isa = PBXResourcesBuildPhase;
			buildActionMask = 2147483647;
			files = (
				192FD079229242FD00F768BD /* LaunchScreen.storyboard in Resources */,
				192FD076229242FD00F768BD /* Assets.xcassets in Resources */,
				192FD074229242FA00F768BD /* Main.storyboard in Resources */,
			);
			runOnlyForDeploymentPostprocessing = 0;
		};
/* End PBXResourcesBuildPhase section */

/* Begin PBXShellScriptBuildPhase section */
		17AB939759204B4D565D97AD /* [CP] Check Pods Manifest.lock */ = {
			isa = PBXShellScriptBuildPhase;
			buildActionMask = 2147483647;
			files = (
			);
			inputFileListPaths = (
			);
			inputPaths = (
				"${PODS_PODFILE_DIR_PATH}/Podfile.lock",
				"${PODS_ROOT}/Manifest.lock",
			);
			name = "[CP] Check Pods Manifest.lock";
			outputFileListPaths = (
			);
			outputPaths = (
				"$(DERIVED_FILE_DIR)/Pods-DemoAudioEngineOnRTMP-checkManifestLockResult.txt",
			);
			runOnlyForDeploymentPostprocessing = 0;
			shellPath = /bin/sh;
			shellScript = "diff \"${PODS_PODFILE_DIR_PATH}/Podfile.lock\" \"${PODS_ROOT}/Manifest.lock\" > /dev/null\nif [ $? != 0 ] ; then\n    # print error to STDERR\n    echo \"error: The sandbox is not in sync with the Podfile.lock. Run 'pod install' or update your CocoaPods installation.\" >&2\n    exit 1\nfi\n# This output is used by Xcode 'outputs' to avoid re-running this script phase.\necho \"SUCCESS\" > \"${SCRIPT_OUTPUT_FILE_0}\"\n";
			showEnvVarsInLog = 0;
		};
		BA42DEB5AC932C779C7D6724 /* [CP] Embed Pods Frameworks */ = {
			isa = PBXShellScriptBuildPhase;
			buildActionMask = 2147483647;
			files = (
			);
			inputFileListPaths = (
			);
			inputPaths = (
				"${PODS_ROOT}/Target Support Files/Pods-DemoAudioEngineOnRTMP/Pods-DemoAudioEngineOnRTMP-frameworks.sh",
				"${BUILT_PRODUCTS_DIR}/HaishinKit/HaishinKit.framework",
				"${BUILT_PRODUCTS_DIR}/Logboard/Logboard.framework",
			);
			name = "[CP] Embed Pods Frameworks";
			outputFileListPaths = (
			);
			outputPaths = (
				"${TARGET_BUILD_DIR}/${FRAMEWORKS_FOLDER_PATH}/HaishinKit.framework",
				"${TARGET_BUILD_DIR}/${FRAMEWORKS_FOLDER_PATH}/Logboard.framework",
			);
			runOnlyForDeploymentPostprocessing = 0;
			shellPath = /bin/sh;
			shellScript = "\"${PODS_ROOT}/Target Support Files/Pods-DemoAudioEngineOnRTMP/Pods-DemoAudioEngineOnRTMP-frameworks.sh\"\n";
			showEnvVarsInLog = 0;
		};
/* End PBXShellScriptBuildPhase section */

/* Begin PBXSourcesBuildPhase section */
		192FD067229242FA00F768BD /* Sources */ = {
			isa = PBXSourcesBuildPhase;
			buildActionMask = 2147483647;
			files = (
				192FD071229242FA00F768BD /* ViewController.swift in Sources */,
				192FD06F229242FA00F768BD /* AppDelegate.swift in Sources */,
			);
			runOnlyForDeploymentPostprocessing = 0;
		};
/* End PBXSourcesBuildPhase section */

/* Begin PBXVariantGroup section */
		192FD072229242FA00F768BD /* Main.storyboard */ = {
			isa = PBXVariantGroup;
			children = (
				192FD073229242FA00F768BD /* Base */,
			);
			name = Main.storyboard;
			sourceTree = "<group>";
		};
		192FD077229242FD00F768BD /* LaunchScreen.storyboard */ = {
			isa = PBXVariantGroup;
			children = (
				192FD078229242FD00F768BD /* Base */,
			);
			name = LaunchScreen.storyboard;
			sourceTree = "<group>";
		};
/* End PBXVariantGroup section */

/* Begin XCBuildConfiguration section */
		192FD07B229242FD00F768BD /* Debug */ = {
			isa = XCBuildConfiguration;
			buildSettings = {
				ALWAYS_SEARCH_USER_PATHS = NO;
				CLANG_ANALYZER_NONNULL = YES;
				CLANG_ANALYZER_NUMBER_OBJECT_CONVERSION = YES_AGGRESSIVE;
				CLANG_CXX_LANGUAGE_STANDARD = "gnu++14";
				CLANG_CXX_LIBRARY = "libc++";
				CLANG_ENABLE_MODULES = YES;
				CLANG_ENABLE_OBJC_ARC = YES;
				CLANG_ENABLE_OBJC_WEAK = YES;
				CLANG_WARN_BLOCK_CAPTURE_AUTORELEASING = YES;
				CLANG_WARN_BOOL_CONVERSION = YES;
				CLANG_WARN_COMMA = YES;
				CLANG_WARN_CONSTANT_CONVERSION = YES;
				CLANG_WARN_DEPRECATED_OBJC_IMPLEMENTATIONS = YES;
				CLANG_WARN_DIRECT_OBJC_ISA_USAGE = YES_ERROR;
				CLANG_WARN_DOCUMENTATION_COMMENTS = YES;
				CLANG_WARN_EMPTY_BODY = YES;
				CLANG_WARN_ENUM_CONVERSION = YES;
				CLANG_WARN_INFINITE_RECURSION = YES;
				CLANG_WARN_INT_CONVERSION = YES;
				CLANG_WARN_NON_LITERAL_NULL_CONVERSION = YES;
				CLANG_WARN_OBJC_IMPLICIT_RETAIN_SELF = YES;
				CLANG_WARN_OBJC_LITERAL_CONVERSION = YES;
				CLANG_WARN_OBJC_ROOT_CLASS = YES_ERROR;
				CLANG_WARN_RANGE_LOOP_ANALYSIS = YES;
				CLANG_WARN_STRICT_PROTOTYPES = YES;
				CLANG_WARN_SUSPICIOUS_MOVE = YES;
				CLANG_WARN_UNGUARDED_AVAILABILITY = YES_AGGRESSIVE;
				CLANG_WARN_UNREACHABLE_CODE = YES;
				CLANG_WARN__DUPLICATE_METHOD_MATCH = YES;
				CODE_SIGN_IDENTITY = "iPhone Developer";
				COPY_PHASE_STRIP = NO;
				DEBUG_INFORMATION_FORMAT = dwarf;
				ENABLE_STRICT_OBJC_MSGSEND = YES;
				ENABLE_TESTABILITY = YES;
				GCC_C_LANGUAGE_STANDARD = gnu11;
				GCC_DYNAMIC_NO_PIC = NO;
				GCC_NO_COMMON_BLOCKS = YES;
				GCC_OPTIMIZATION_LEVEL = 0;
				GCC_PREPROCESSOR_DEFINITIONS = (
					"DEBUG=1",
					"$(inherited)",
				);
				GCC_WARN_64_TO_32_BIT_CONVERSION = YES;
				GCC_WARN_ABOUT_RETURN_TYPE = YES_ERROR;
				GCC_WARN_UNDECLARED_SELECTOR = YES;
				GCC_WARN_UNINITIALIZED_AUTOS = YES_AGGRESSIVE;
				GCC_WARN_UNUSED_FUNCTION = YES;
				GCC_WARN_UNUSED_VARIABLE = YES;
				IPHONEOS_DEPLOYMENT_TARGET = 12.2;
				MTL_ENABLE_DEBUG_INFO = INCLUDE_SOURCE;
				MTL_FAST_MATH = YES;
				ONLY_ACTIVE_ARCH = YES;
				SDKROOT = iphoneos;
				SWIFT_ACTIVE_COMPILATION_CONDITIONS = DEBUG;
				SWIFT_OPTIMIZATION_LEVEL = "-Onone";
			};
			name = Debug;
		};
		192FD07C229242FD00F768BD /* Release */ = {
			isa = XCBuildConfiguration;
			buildSettings = {
				ALWAYS_SEARCH_USER_PATHS = NO;
				CLANG_ANALYZER_NONNULL = YES;
				CLANG_ANALYZER_NUMBER_OBJECT_CONVERSION = YES_AGGRESSIVE;
				CLANG_CXX_LANGUAGE_STANDARD = "gnu++14";
				CLANG_CXX_LIBRARY = "libc++";
				CLANG_ENABLE_MODULES = YES;
				CLANG_ENABLE_OBJC_ARC = YES;
				CLANG_ENABLE_OBJC_WEAK = YES;
				CLANG_WARN_BLOCK_CAPTURE_AUTORELEASING = YES;
				CLANG_WARN_BOOL_CONVERSION = YES;
				CLANG_WARN_COMMA = YES;
				CLANG_WARN_CONSTANT_CONVERSION = YES;
				CLANG_WARN_DEPRECATED_OBJC_IMPLEMENTATIONS = YES;
				CLANG_WARN_DIRECT_OBJC_ISA_USAGE = YES_ERROR;
				CLANG_WARN_DOCUMENTATION_COMMENTS = YES;
				CLANG_WARN_EMPTY_BODY = YES;
				CLANG_WARN_ENUM_CONVERSION = YES;
				CLANG_WARN_INFINITE_RECURSION = YES;
				CLANG_WARN_INT_CONVERSION = YES;
				CLANG_WARN_NON_LITERAL_NULL_CONVERSION = YES;
				CLANG_WARN_OBJC_IMPLICIT_RETAIN_SELF = YES;
				CLANG_WARN_OBJC_LITERAL_CONVERSION = YES;
				CLANG_WARN_OBJC_ROOT_CLASS = YES_ERROR;
				CLANG_WARN_RANGE_LOOP_ANALYSIS = YES;
				CLANG_WARN_STRICT_PROTOTYPES = YES;
				CLANG_WARN_SUSPICIOUS_MOVE = YES;
				CLANG_WARN_UNGUARDED_AVAILABILITY = YES_AGGRESSIVE;
				CLANG_WARN_UNREACHABLE_CODE = YES;
				CLANG_WARN__DUPLICATE_METHOD_MATCH = YES;
				CODE_SIGN_IDENTITY = "iPhone Developer";
				COPY_PHASE_STRIP = NO;
				DEBUG_INFORMATION_FORMAT = "dwarf-with-dsym";
				ENABLE_NS_ASSERTIONS = NO;
				ENABLE_STRICT_OBJC_MSGSEND = YES;
				GCC_C_LANGUAGE_STANDARD = gnu11;
				GCC_NO_COMMON_BLOCKS = YES;
				GCC_WARN_64_TO_32_BIT_CONVERSION = YES;
				GCC_WARN_ABOUT_RETURN_TYPE = YES_ERROR;
				GCC_WARN_UNDECLARED_SELECTOR = YES;
				GCC_WARN_UNINITIALIZED_AUTOS = YES_AGGRESSIVE;
				GCC_WARN_UNUSED_FUNCTION = YES;
				GCC_WARN_UNUSED_VARIABLE = YES;
				IPHONEOS_DEPLOYMENT_TARGET = 12.2;
				MTL_ENABLE_DEBUG_INFO = NO;
				MTL_FAST_MATH = YES;
				SDKROOT = iphoneos;
				SWIFT_COMPILATION_MODE = wholemodule;
				SWIFT_OPTIMIZATION_LEVEL = "-O";
				VALIDATE_PRODUCT = YES;
			};
			name = Release;
		};
		192FD07E229242FD00F768BD /* Debug */ = {
			isa = XCBuildConfiguration;
			baseConfigurationReference = FE784760B53BBCF7EED547E1 /* Pods-DemoAudioEngineOnRTMP.debug.xcconfig */;
			buildSettings = {
				ASSETCATALOG_COMPILER_APPICON_NAME = AppIcon;
				CODE_SIGN_STYLE = Automatic;
				INFOPLIST_FILE = DemoAudioEngineOnRTMP/Info.plist;
				LD_RUNPATH_SEARCH_PATHS = (
					"$(inherited)",
					"@executable_path/Frameworks",
				);
				PRODUCT_BUNDLE_IDENTIFIER = com.tionlow.DemoAudioEngineOnRTMP;
				PRODUCT_NAME = "$(TARGET_NAME)";
				SWIFT_VERSION = 4.2;
				TARGETED_DEVICE_FAMILY = "1,2";
			};
			name = Debug;
		};
		192FD07F229242FD00F768BD /* Release */ = {
			isa = XCBuildConfiguration;
			baseConfigurationReference = 1D5F48E4B631E127061BC625 /* Pods-DemoAudioEngineOnRTMP.release.xcconfig */;
			buildSettings = {
				ASSETCATALOG_COMPILER_APPICON_NAME = AppIcon;
				CODE_SIGN_STYLE = Automatic;
				INFOPLIST_FILE = DemoAudioEngineOnRTMP/Info.plist;
				LD_RUNPATH_SEARCH_PATHS = (
					"$(inherited)",
					"@executable_path/Frameworks",
				);
				PRODUCT_BUNDLE_IDENTIFIER = com.tionlow.DemoAudioEngineOnRTMP;
				PRODUCT_NAME = "$(TARGET_NAME)";
				SWIFT_VERSION = 4.2;
				TARGETED_DEVICE_FAMILY = "1,2";
			};
			name = Release;
		};
/* End XCBuildConfiguration section */

/* Begin XCConfigurationList section */
		192FD066229242FA00F768BD /* Build configuration list for PBXProject "DemoAudioEngineOnRTMP" */ = {
			isa = XCConfigurationList;
			buildConfigurations = (
				192FD07B229242FD00F768BD /* Debug */,
				192FD07C229242FD00F768BD /* Release */,
			);
			defaultConfigurationIsVisible = 0;
			defaultConfigurationName = Release;
		};
		192FD07D229242FD00F768BD /* Build configuration list for PBXNativeTarget "DemoAudioEngineOnRTMP" */ = {
			isa = XCConfigurationList;
			buildConfigurations = (
				192FD07E229242FD00F768BD /* Debug */,
				192FD07F229242FD00F768BD /* Release */,
			);
			defaultConfigurationIsVisible = 0;
			defaultConfigurationName = Release;
		};
/* End XCConfigurationList section */
	};
	rootObject = 192FD063229242FA00F768BD /* Project object */;
}
